# THIS IS AN AUTOGENERATED FILE. DO NOT EDIT THIS FILE DIRECTLY.
# yarn lockfile v1


"@types/chance@^1.1.4":
  version "1.1.4"
  resolved "https://registry.yarnpkg.com/@types/chance/-/chance-1.1.4.tgz#bdb4f5b36ed7622640b597720e8affbfaa7bbfd7"
  integrity sha512-et3alUWI9jEPnGai+QRCyDdRMYS+atq32IaldWURyxPRZBYg+cSwppxK2UHnDv9X/0pdoxR3Ufbz5hRmjD/uNg==

"@types/lodash@^4.14.198":
  version "4.14.198"
  resolved "https://registry.yarnpkg.com/@types/lodash/-/lodash-4.14.198.tgz#4d27465257011aedc741a809f1269941fa2c5d4c"
  integrity sha512-trNJ/vtMZYMLhfN45uLq4ShQSw0/S7xCTLLVM+WM1rmFpba/VS42jVUgaO3w/NOLiWR/09lnYk0yMaA/atdIsg==

chance@^1.1.11:
  version "1.1.11"
  resolved "https://registry.yarnpkg.com/chance/-/chance-1.1.11.tgz#78e10e1f9220a5bbc60a83e3f28a5d8558d84d1b"
  integrity sha512-kqTg3WWywappJPqtgrdvbA380VoXO2eu9VCV895JgbyHsaErXdyHK9LOZ911OvAk6L0obK7kDk9CGs8+oBawVA==

lodash@^4.17.21:
  version "4.17.21"
  resolved "https://registry.yarnpkg.com/lodash/-/lodash-4.17.21.tgz#679591c564c3bffaae8454cf0b3df370c3d6911c"
  integrity sha512-v2kDEe57lecTulaDIuNTPy3Ry4gLGJ6Z1O3vE1krgXZNrsQ+LFTGHVxVjcXPs17LhbZVGedAJv8XZ1tvj5FvSg==

typescript@^5.2.2:
  version "5.2.2"
  resolved "https://registry.yarnpkg.com/typescript/-/typescript-5.2.2.tgz#5ebb5e5a5b75f085f22bc3f8460fba308310fa78"
  integrity sha512-mI4WrpHsbCIcwT9cF4FZvr80QUeKvsUsUvKDoR+X/7XHQH98xYD8YHZg7ANtz2GtZt/CBq2QJ0thkGJMHfqc1w==
